# Generated by scripts/update-locks.py — do not edit by hand.
# CPython 3.13 from python-build-standalone release 20260623:
# <target triple> <asset> <sha256>
release 20260623
aarch64-apple-darwin cpython-3.13.14+20260623-aarch64-apple-darwin-install_only.tar.gz 804c86c8665b18eb0df5070a79d828229018d145baea38a71a5c74c03f9b11d4
x86_64-apple-darwin cpython-3.13.14+20260623-x86_64-apple-darwin-install_only.tar.gz cd0023fb84de358d285c8e116cffd2f433086b943e752955dade521c12e78cab
x86_64-pc-windows-msvc cpython-3.13.14+20260623-x86_64-pc-windows-msvc-install_only.tar.gz 646254b53fbac69c1b3c25131c237c9136e9bbed7444123880cea8deaf555e1f
